
Microsoft Visual Studio Solution File, Format Version 12.00
Project("{FAE04EC0-301F-11D3-BF4B-00C04F79EFBC}") = "SeniorCareManager.WebAPI", "SeniorCareManager.WebAPI.csproj", "{F51AEBBC-2EFF-4ED1-8F12-DD45FA9122BA}"
EndProject
Global
	GlobalSection(SolutionConfigurationPlatforms) = preSolution
		Debug|Any CPU = Debug|Any CPU
		Release|Any CPU = Release|Any CPU
	EndGlobalSection
	GlobalSection(ProjectConfigurationPlatforms) = postSolution
		{F51AEBBC-2EFF-4ED1-8F12-DD45FA9122BA}.Debug|Any CPU.ActiveCfg = Debug|Any CPU
		{F51AEBBC-2EFF-4ED1-8F12-DD45FA9122BA}.Debug|Any CPU.Build.0 = Debug|Any CPU
		{F51AEBBC-2EFF-4ED1-8F12-DD45FA9122BA}.Release|Any CPU.ActiveCfg = Release|Any CPU
		{F51AEBBC-2EFF-4ED1-8F12-DD45FA9122BA}.Release|Any CPU.Build.0 = Release|Any CPU
	EndGlobalSection
EndGlobal
